
Microsoft Visual Studio Solution File, Format Version 12.00
# Visual Studio Version 17
VisualStudioVersion = 17.4.33213.308
MinimumVisualStudioVersion = 10.0.40219.1
Project("{FAE04EC0-301F-11D3-BF4B-00C04F79EFBC}") = "ModelValidasyonu", "ModelValidasyonu\ModelValidasyonu.csproj", "{81552467-6019-4FF4-891D-643C0B027C6F}"
EndProject
Global
	GlobalSection(SolutionConfigurationPlatforms) = preSolution
		Debug|Any CPU = Debug|Any CPU
		Release|Any CPU = Release|Any CPU
	EndGlobalSection
	GlobalSection(ProjectConfigurationPlatforms) = postSolution
		{81552467-6019-4FF4-891D-643C0B027C6F}.Debug|Any CPU.ActiveCfg = Debug|Any CPU
		{81552467-6019-4FF4-891D-643C0B027C6F}.Debug|Any CPU.Build.0 = Debug|Any CPU
		{81552467-6019-4FF4-891D-643C0B027C6F}.Release|Any CPU.ActiveCfg = Release|Any CPU
		{81552467-6019-4FF4-891D-643C0B027C6F}.Release|Any CPU.Build.0 = Release|Any CPU
	EndGlobalSection
	GlobalSection(SolutionProperties) = preSolution
		HideSolutionNode = FALSE
	EndGlobalSection
	GlobalSection(ExtensibilityGlobals) = postSolution
		SolutionGuid = {6D34D7A7-836D-4626-9590-83DC174D159A}
	EndGlobalSection
EndGlobal
